<Solution>
  <Folder Name="/AuthService/" />
  <Folder Name="/AuthService/src/">
    <Project Path="AuthService/src/AuthService.Api/AuthService.Api.csproj" Id="14e595f7-b861-4a06-9ef3-956e2df5e21e" />
    <Project Path="AuthService/src/AuthService.Application/AuthService.Application.csproj" Id="cfccc43f-cd18-4880-bf2c-45656af7b8d4" />
    <Project Path="AuthService/src/AuthService.Domain/AuthService.Domain.csproj" />
    <Project Path="AuthService/src/AuthService.Infrastructure/AuthService.Infrastructure.csproj" Id="e9e910a7-cb87-4d06-856d-4b05d5954cd3" />
  </Folder>
  <Folder Name="/AuthService/tests/">
    <Project Path="AuthService/tests/AuthService.Domain.Test/AuthService.Domain.Test.csproj" Id="0206c2f5-c342-4e0e-8626-da1f16615055" />
  </Folder>
  <Folder Name="/ProductService/" />
  <Folder Name="/ProductService/src/">
    <Project Path="ProductService/src/Application/Application.csproj" Id="e35c1a58-f32f-4aff-a026-06b98372cdb8" />
    <Project Path="ProductService/src/Domain/Domain.csproj" Id="735c7f46-8068-4b75-93ef-4e4aca156c17" />
    <Project Path="ProductService/src/Infrastructure/Infrastructure.csproj" Id="f764e46b-8074-4408-8e5a-8d5f013dad5b" />
    <Project Path="ProductService/src/Presentation.Api/Presentation.Api.csproj" Id="81c91285-54c6-416b-af38-4fb9f6d372aa" />
  </Folder>
  <Folder Name="/ProductService/tests/">
    <Project Path="ProductService/tests/Domain.Test/Domain.Test.csproj" Id="cff6d654-6374-4b84-9f99-bdbd57d88446" />
  </Folder>
  <Project Path="Shared/Shared.csproj" Id="17816302-bdf4-4c6b-b233-6dab40e01fda" />
</Solution>
